
Microsoft Visual Studio Solution File, Format Version 12.00
# Visual Studio Version 17
VisualStudioVersion = 17.8.34316.72
MinimumVisualStudioVersion = 10.0.40219.1
Project("{2150E333-8FDC-42A3-9474-1A3956D46DE8}") = "Project1", "Project1", "{79BFCB53-7877-4DB7-B20B-EDFEF0663DC8}"
EndProject
Project("{2150E333-8FDC-42A3-9474-1A3956D46DE8}") = "Project2", "Project2", "{74B03AAC-C690-4E52-93D5-BA61F55770E7}"
EndProject
Project("{2150E333-8FDC-42A3-9474-1A3956D46DE8}") = "Project3", "Project3", "{2EF55385-CEB6-4DA8-B9D1-4C67781FAB55}"
EndProject
Project("{2150E333-8FDC-42A3-9474-1A3956D46DE8}") = "Project4", "Project4", "{0DEE103D-4F93-4893-B093-E669BC31D883}"
EndProject
Project("{FAE04EC0-301F-11D3-BF4B-00C04F79EFBC}") = "DemoDocker1.API", "DemoDocker1.API\DemoDocker1.API.csproj", "{45B24043-F9A6-4227-8398-F1C1C5C2F9A7}"
EndProject
Project("{FAE04EC0-301F-11D3-BF4B-00C04F79EFBC}") = "DemoDocker2.API", "DemoDocker2.API\DemoDocker2.API.csproj", "{2161359C-0D46-49AF-B2D2-FCC902C958DA}"
EndProject
Project("{FAE04EC0-301F-11D3-BF4B-00C04F79EFBC}") = "DemoDocker3.API", "DemoDocker3.API\DemoDocker3.API.csproj", "{8D7A8A4A-3763-4124-AE55-37EFAF428557}"
EndProject
Project("{FAE04EC0-301F-11D3-BF4B-00C04F79EFBC}") = "DemoDocker4.API", "DemoDocker4.API\DemoDocker4.API.csproj", "{7FCCF571-8913-49F3-8433-C97FFE16E65A}"
EndProject
Project("{FAE04EC0-301F-11D3-BF4B-00C04F79EFBC}") = "DemoDockerClass1", "DemoDockerClass1\DemoDockerClass1.csproj", "{C4A068D6-19CA-4452-967E-622FB3C8865F}"
EndProject
Project("{FAE04EC0-301F-11D3-BF4B-00C04F79EFBC}") = "DemoDockerClass2", "DemoDockerClass2\DemoDockerClass2.csproj", "{22BDD5D8-4429-4CB7-8EFE-351A28B4359E}"
EndProject
Project("{FAE04EC0-301F-11D3-BF4B-00C04F79EFBC}") = "DemoDockerClass3", "DemoDockerClass3\DemoDockerClass3.csproj", "{3F3FF4EC-6E3E-41F0-8768-7E4C8CE3D794}"
EndProject
Project("{FAE04EC0-301F-11D3-BF4B-00C04F79EFBC}") = "DemoDocker2Class1", "DemoDocker2Class1\DemoDocker2Class1.csproj", "{E2E54843-9F25-41D5-8BB9-9BA16AD756B5}"
EndProject
Project("{FAE04EC0-301F-11D3-BF4B-00C04F79EFBC}") = "DemoDocker2Class2", "DemoDocker2Class2\DemoDocker2Class2.csproj", "{8D1B659F-4643-4591-AA75-E9D7C469FE27}"
EndProject
Project("{FAE04EC0-301F-11D3-BF4B-00C04F79EFBC}") = "DemoDocker2Class3", "DemoDocker2Class3\DemoDocker2Class3.csproj", "{164BD8FA-881B-4A21-9320-0EAC1856D975}"
EndProject
Project("{FAE04EC0-301F-11D3-BF4B-00C04F79EFBC}") = "DemoDocker3Class1", "DemoDocker3Class1\DemoDocker3Class1.csproj", "{311FB7BC-D9B4-4B6D-86AE-C9D49B456A72}"
EndProject
Project("{FAE04EC0-301F-11D3-BF4B-00C04F79EFBC}") = "DemoDocker3Class2", "DemoDocker3Class2\DemoDocker3Class2.csproj", "{6CCA70BA-FC40-4939-9B88-ED826BCA7022}"
EndProject
Project("{FAE04EC0-301F-11D3-BF4B-00C04F79EFBC}") = "DemoDocker3Class3", "DemoDocker3Class3\DemoDocker3Class3.csproj", "{36481239-94B7-4787-8F62-BAF24AA831E6}"
EndProject
Project("{FAE04EC0-301F-11D3-BF4B-00C04F79EFBC}") = "DemoDocker4Class1", "DemoDocker4Class1\DemoDocker4Class1.csproj", "{AB77E0B8-62D6-43F8-8771-F2AA935F5D11}"
EndProject
Project("{FAE04EC0-301F-11D3-BF4B-00C04F79EFBC}") = "DemoDocker4Class2", "DemoDocker4Class2\DemoDocker4Class2.csproj", "{FC76E294-20D4-4F86-9B73-14AAEDE9B450}"
EndProject
Project("{FAE04EC0-301F-11D3-BF4B-00C04F79EFBC}") = "DemoDocker4Class3", "DemoDocker4Class3\DemoDocker4Class3.csproj", "{B105CDDF-9749-4181-9BAF-96E1E055756C}"
EndProject
Project("{E53339B2-1760-4266-BCC7-CA923CBCF16C}") = "docker-compose", "docker-compose.dcproj", "{EDA34971-C73D-4633-A257-82FF38CC3680}"
EndProject
Global
	GlobalSection(SolutionConfigurationPlatforms) = preSolution
		Debug|Any CPU = Debug|Any CPU
		Release|Any CPU = Release|Any CPU
	EndGlobalSection
	GlobalSection(ProjectConfigurationPlatforms) = postSolution
		{45B24043-F9A6-4227-8398-F1C1C5C2F9A7}.Debug|Any CPU.ActiveCfg = Debug|Any CPU
		{45B24043-F9A6-4227-8398-F1C1C5C2F9A7}.Debug|Any CPU.Build.0 = Debug|Any CPU
		{45B24043-F9A6-4227-8398-F1C1C5C2F9A7}.Release|Any CPU.ActiveCfg = Release|Any CPU
		{45B24043-F9A6-4227-8398-F1C1C5C2F9A7}.Release|Any CPU.Build.0 = Release|Any CPU
		{2161359C-0D46-49AF-B2D2-FCC902C958DA}.Debug|Any CPU.ActiveCfg = Debug|Any CPU
		{2161359C-0D46-49AF-B2D2-FCC902C958DA}.Debug|Any CPU.Build.0 = Debug|Any CPU
		{2161359C-0D46-49AF-B2D2-FCC902C958DA}.Release|Any CPU.ActiveCfg = Release|Any CPU
		{2161359C-0D46-49AF-B2D2-FCC902C958DA}.Release|Any CPU.Build.0 = Release|Any CPU
		{8D7A8A4A-3763-4124-AE55-37EFAF428557}.Debug|Any CPU.ActiveCfg = Debug|Any CPU
		{8D7A8A4A-3763-4124-AE55-37EFAF428557}.Debug|Any CPU.Build.0 = Debug|Any CPU
		{8D7A8A4A-3763-4124-AE55-37EFAF428557}.Release|Any CPU.ActiveCfg = Release|Any CPU
		{8D7A8A4A-3763-4124-AE55-37EFAF428557}.Release|Any CPU.Build.0 = Release|Any CPU
		{7FCCF571-8913-49F3-8433-C97FFE16E65A}.Debug|Any CPU.ActiveCfg = Debug|Any CPU
		{7FCCF571-8913-49F3-8433-C97FFE16E65A}.Debug|Any CPU.Build.0 = Debug|Any CPU
		{7FCCF571-8913-49F3-8433-C97FFE16E65A}.Release|Any CPU.ActiveCfg = Release|Any CPU
		{7FCCF571-8913-49F3-8433-C97FFE16E65A}.Release|Any CPU.Build.0 = Release|Any CPU
		{C4A068D6-19CA-4452-967E-622FB3C8865F}.Debug|Any CPU.ActiveCfg = Debug|Any CPU
		{C4A068D6-19CA-4452-967E-622FB3C8865F}.Debug|Any CPU.Build.0 = Debug|Any CPU
		{C4A068D6-19CA-4452-967E-622FB3C8865F}.Release|Any CPU.ActiveCfg = Release|Any CPU
		{C4A068D6-19CA-4452-967E-622FB3C8865F}.Release|Any CPU.Build.0 = Release|Any CPU
		{22BDD5D8-4429-4CB7-8EFE-351A28B4359E}.Debug|Any CPU.ActiveCfg = Debug|Any CPU
		{22BDD5D8-4429-4CB7-8EFE-351A28B4359E}.Debug|Any CPU.Build.0 = Debug|Any CPU
		{22BDD5D8-4429-4CB7-8EFE-351A28B4359E}.Release|Any CPU.ActiveCfg = Release|Any CPU
		{22BDD5D8-4429-4CB7-8EFE-351A28B4359E}.Release|Any CPU.Build.0 = Release|Any CPU
		{3F3FF4EC-6E3E-41F0-8768-7E4C8CE3D794}.Debug|Any CPU.ActiveCfg = Debug|Any CPU
		{3F3FF4EC-6E3E-41F0-8768-7E4C8CE3D794}.Debug|Any CPU.Build.0 = Debug|Any CPU
		{3F3FF4EC-6E3E-41F0-8768-7E4C8CE3D794}.Release|Any CPU.ActiveCfg = Release|Any CPU
		{3F3FF4EC-6E3E-41F0-8768-7E4C8CE3D794}.Release|Any CPU.Build.0 = Release|Any CPU
		{E2E54843-9F25-41D5-8BB9-9BA16AD756B5}.Debug|Any CPU.ActiveCfg = Debug|Any CPU
		{E2E54843-9F25-41D5-8BB9-9BA16AD756B5}.Debug|Any CPU.Build.0 = Debug|Any CPU
		{E2E54843-9F25-41D5-8BB9-9BA16AD756B5}.Release|Any CPU.ActiveCfg = Release|Any CPU
		{E2E54843-9F25-41D5-8BB9-9BA16AD756B5}.Release|Any CPU.Build.0 = Release|Any CPU
		{8D1B659F-4643-4591-AA75-E9D7C469FE27}.Debug|Any CPU.ActiveCfg = Debug|Any CPU
		{8D1B659F-4643-4591-AA75-E9D7C469FE27}.Debug|Any CPU.Build.0 = Debug|Any CPU
		{8D1B659F-4643-4591-AA75-E9D7C469FE27}.Release|Any CPU.ActiveCfg = Release|Any CPU
		{8D1B659F-4643-4591-AA75-E9D7C469FE27}.Release|Any CPU.Build.0 = Release|Any CPU
		{164BD8FA-881B-4A21-9320-0EAC1856D975}.Debug|Any CPU.ActiveCfg = Debug|Any CPU
		{164BD8FA-881B-4A21-9320-0EAC1856D975}.Debug|Any CPU.Build.0 = Debug|Any CPU
		{164BD8FA-881B-4A21-9320-0EAC1856D975}.Release|Any CPU.ActiveCfg = Release|Any CPU
		{164BD8FA-881B-4A21-9320-0EAC1856D975}.Release|Any CPU.Build.0 = Release|Any CPU
		{311FB7BC-D9B4-4B6D-86AE-C9D49B456A72}.Debug|Any CPU.ActiveCfg = Debug|Any CPU
		{311FB7BC-D9B4-4B6D-86AE-C9D49B456A72}.Debug|Any CPU.Build.0 = Debug|Any CPU
		{311FB7BC-D9B4-4B6D-86AE-C9D49B456A72}.Release|Any CPU.ActiveCfg = Release|Any CPU
		{311FB7BC-D9B4-4B6D-86AE-C9D49B456A72}.Release|Any CPU.Build.0 = Release|Any CPU
		{6CCA70BA-FC40-4939-9B88-ED826BCA7022}.Debug|Any CPU.ActiveCfg = Debug|Any CPU
		{6CCA70BA-FC40-4939-9B88-ED826BCA7022}.Debug|Any CPU.Build.0 = Debug|Any CPU
		{6CCA70BA-FC40-4939-9B88-ED826BCA7022}.Release|Any CPU.ActiveCfg = Release|Any CPU
		{6CCA70BA-FC40-4939-9B88-ED826BCA7022}.Release|Any CPU.Build.0 = Release|Any CPU
		{36481239-94B7-4787-8F62-BAF24AA831E6}.Debug|Any CPU.ActiveCfg = Debug|Any CPU
		{36481239-94B7-4787-8F62-BAF24AA831E6}.Debug|Any CPU.Build.0 = Debug|Any CPU
		{36481239-94B7-4787-8F62-BAF24AA831E6}.Release|Any CPU.ActiveCfg = Release|Any CPU
		{36481239-94B7-4787-8F62-BAF24AA831E6}.Release|Any CPU.Build.0 = Release|Any CPU
		{AB77E0B8-62D6-43F8-8771-F2AA935F5D11}.Debug|Any CPU.ActiveCfg = Debug|Any CPU
		{AB77E0B8-62D6-43F8-8771-F2AA935F5D11}.Debug|Any CPU.Build.0 = Debug|Any CPU
		{AB77E0B8-62D6-43F8-8771-F2AA935F5D11}.Release|Any CPU.ActiveCfg = Release|Any CPU
		{AB77E0B8-62D6-43F8-8771-F2AA935F5D11}.Release|Any CPU.Build.0 = Release|Any CPU
		{FC76E294-20D4-4F86-9B73-14AAEDE9B450}.Debug|Any CPU.ActiveCfg = Debug|Any CPU
		{FC76E294-20D4-4F86-9B73-14AAEDE9B450}.Debug|Any CPU.Build.0 = Debug|Any CPU
		{FC76E294-20D4-4F86-9B73-14AAEDE9B450}.Release|Any CPU.ActiveCfg = Release|Any CPU
		{FC76E294-20D4-4F86-9B73-14AAEDE9B450}.Release|Any CPU.Build.0 = Release|Any CPU
		{B105CDDF-9749-4181-9BAF-96E1E055756C}.Debug|Any CPU.ActiveCfg = Debug|Any CPU
		{B105CDDF-9749-4181-9BAF-96E1E055756C}.Debug|Any CPU.Build.0 = Debug|Any CPU
		{B105CDDF-9749-4181-9BAF-96E1E055756C}.Release|Any CPU.ActiveCfg = Release|Any CPU
		{B105CDDF-9749-4181-9BAF-96E1E055756C}.Release|Any CPU.Build.0 = Release|Any CPU
		{EDA34971-C73D-4633-A257-82FF38CC3680}.Debug|Any CPU.ActiveCfg = Debug|Any CPU
		{EDA34971-C73D-4633-A257-82FF38CC3680}.Debug|Any CPU.Build.0 = Debug|Any CPU
		{EDA34971-C73D-4633-A257-82FF38CC3680}.Release|Any CPU.ActiveCfg = Release|Any CPU
		{EDA34971-C73D-4633-A257-82FF38CC3680}.Release|Any CPU.Build.0 = Release|Any CPU
	EndGlobalSection
	GlobalSection(SolutionProperties) = preSolution
		HideSolutionNode = FALSE
	EndGlobalSection
	GlobalSection(NestedProjects) = preSolution
		{45B24043-F9A6-4227-8398-F1C1C5C2F9A7} = {79BFCB53-7877-4DB7-B20B-EDFEF0663DC8}
		{2161359C-0D46-49AF-B2D2-FCC902C958DA} = {74B03AAC-C690-4E52-93D5-BA61F55770E7}
		{8D7A8A4A-3763-4124-AE55-37EFAF428557} = {2EF55385-CEB6-4DA8-B9D1-4C67781FAB55}
		{7FCCF571-8913-49F3-8433-C97FFE16E65A} = {0DEE103D-4F93-4893-B093-E669BC31D883}
		{C4A068D6-19CA-4452-967E-622FB3C8865F} = {79BFCB53-7877-4DB7-B20B-EDFEF0663DC8}
		{22BDD5D8-4429-4CB7-8EFE-351A28B4359E} = {79BFCB53-7877-4DB7-B20B-EDFEF0663DC8}
		{3F3FF4EC-6E3E-41F0-8768-7E4C8CE3D794} = {79BFCB53-7877-4DB7-B20B-EDFEF0663DC8}
		{E2E54843-9F25-41D5-8BB9-9BA16AD756B5} = {74B03AAC-C690-4E52-93D5-BA61F55770E7}
		{8D1B659F-4643-4591-AA75-E9D7C469FE27} = {74B03AAC-C690-4E52-93D5-BA61F55770E7}
		{164BD8FA-881B-4A21-9320-0EAC1856D975} = {74B03AAC-C690-4E52-93D5-BA61F55770E7}
		{311FB7BC-D9B4-4B6D-86AE-C9D49B456A72} = {2EF55385-CEB6-4DA8-B9D1-4C67781FAB55}
		{6CCA70BA-FC40-4939-9B88-ED826BCA7022} = {2EF55385-CEB6-4DA8-B9D1-4C67781FAB55}
		{36481239-94B7-4787-8F62-BAF24AA831E6} = {2EF55385-CEB6-4DA8-B9D1-4C67781FAB55}
		{AB77E0B8-62D6-43F8-8771-F2AA935F5D11} = {0DEE103D-4F93-4893-B093-E669BC31D883}
		{FC76E294-20D4-4F86-9B73-14AAEDE9B450} = {0DEE103D-4F93-4893-B093-E669BC31D883}
		{B105CDDF-9749-4181-9BAF-96E1E055756C} = {0DEE103D-4F93-4893-B093-E669BC31D883}
	EndGlobalSection
	GlobalSection(ExtensibilityGlobals) = postSolution
		SolutionGuid = {7244DD18-E710-4AD3-A538-775C14262064}
	EndGlobalSection
EndGlobal
